PODS:
  - Alamofire (5.1.0)
  - HsToolKit.swift (1.1.0):
    - Alamofire (~> 5.0)
    - ObjectMapper (~> 3.0)
    - RxSwift (~> 5.0)
  - ObjectMapper (3.5.2)
  - RxSwift (5.1.1)

DEPENDENCIES:
  - HsToolKit.swift (from `../`)

SPEC REPOS:
  trunk:
    - Alamofire
    - ObjectMapper
    - RxSwift

EXTERNAL SOURCES:
  HsToolKit.swift:
    :path: "../"

SPEC CHECKSUMS:
  Alamofire: 9d5c5f602928e512395b30950c5984eca840093c
  HsToolKit.swift: c639d06f1c0e3e8d6751c9a97c903165a8803b91
  ObjectMapper: b53ae947d370bf89423e86be7d4e2d2b2a8d3f40
  RxSwift: 81470a2074fa8780320ea5fe4102807cb7118178

PODFILE CHECKSUM: 987a3bed84da1fb026d07991f5e585e239d9824e

COCOAPODS: 1.10.1
